
Microsoft Visual Studio Solution File, Format Version 12.00
# Visual Studio Version 17
VisualStudioVersion = 17.7.33808.371
MinimumVisualStudioVersion = 10.0.40219.1
Project("{9A19103F-16F7-4668-BE54-9A1E7A4F7556}") = "NP.Demos.GenericTypesInXaml", "NP.Demos.GenericTypesInXaml\NP.Demos.GenericTypesInXaml.csproj", "{7522883D-C392-4D3F-9286-6FC6D8475535}"
EndProject
Project("{9A19103F-16F7-4668-BE54-9A1E7A4F7556}") = "NP.Demos.GenericTypesInXaml.Android", "NP.Demos.GenericTypesInXaml.Android\NP.Demos.GenericTypesInXaml.Android.csproj", "{CA32DB42-E7A4-4F70-A109-D4E2AF81CA44}"
EndProject
Project("{9A19103F-16F7-4668-BE54-9A1E7A4F7556}") = "NP.Demos.GenericTypesInXaml.Desktop", "NP.Demos.GenericTypesInXaml.Desktop\NP.Demos.GenericTypesInXaml.Desktop.csproj", "{E67CD412-6EC6-4B51-8111-B3EC532979DC}"
EndProject
Project("{9A19103F-16F7-4668-BE54-9A1E7A4F7556}") = "NP.Demos.GenericTypesInXaml.Browser", "NP.Demos.GenericTypesInXaml.Browser\NP.Demos.GenericTypesInXaml.Browser.csproj", "{F21B9DF1-DED8-405A-AAD8-70BE828E4204}"
EndProject
Global
	GlobalSection(SolutionConfigurationPlatforms) = preSolution
		Debug|Any CPU = Debug|Any CPU
		Release|Any CPU = Release|Any CPU
	EndGlobalSection
	GlobalSection(ProjectConfigurationPlatforms) = postSolution
		{7522883D-C392-4D3F-9286-6FC6D8475535}.Debug|Any CPU.ActiveCfg = Debug|Any CPU
		{7522883D-C392-4D3F-9286-6FC6D8475535}.Debug|Any CPU.Build.0 = Debug|Any CPU
		{7522883D-C392-4D3F-9286-6FC6D8475535}.Release|Any CPU.ActiveCfg = Release|Any CPU
		{7522883D-C392-4D3F-9286-6FC6D8475535}.Release|Any CPU.Build.0 = Release|Any CPU
		{CA32DB42-E7A4-4F70-A109-D4E2AF81CA44}.Debug|Any CPU.ActiveCfg = Debug|Any CPU
		{CA32DB42-E7A4-4F70-A109-D4E2AF81CA44}.Debug|Any CPU.Build.0 = Debug|Any CPU
		{CA32DB42-E7A4-4F70-A109-D4E2AF81CA44}.Debug|Any CPU.Deploy.0 = Debug|Any CPU
		{CA32DB42-E7A4-4F70-A109-D4E2AF81CA44}.Release|Any CPU.ActiveCfg = Release|Any CPU
		{CA32DB42-E7A4-4F70-A109-D4E2AF81CA44}.Release|Any CPU.Build.0 = Release|Any CPU
		{CA32DB42-E7A4-4F70-A109-D4E2AF81CA44}.Release|Any CPU.Deploy.0 = Release|Any CPU
		{E67CD412-6EC6-4B51-8111-B3EC532979DC}.Debug|Any CPU.ActiveCfg = Debug|Any CPU
		{E67CD412-6EC6-4B51-8111-B3EC532979DC}.Debug|Any CPU.Build.0 = Debug|Any CPU
		{E67CD412-6EC6-4B51-8111-B3EC532979DC}.Release|Any CPU.ActiveCfg = Release|Any CPU
		{E67CD412-6EC6-4B51-8111-B3EC532979DC}.Release|Any CPU.Build.0 = Release|Any CPU
		{F21B9DF1-DED8-405A-AAD8-70BE828E4204}.Debug|Any CPU.ActiveCfg = Debug|Any CPU
		{F21B9DF1-DED8-405A-AAD8-70BE828E4204}.Debug|Any CPU.Build.0 = Debug|Any CPU
		{F21B9DF1-DED8-405A-AAD8-70BE828E4204}.Release|Any CPU.ActiveCfg = Release|Any CPU
		{F21B9DF1-DED8-405A-AAD8-70BE828E4204}.Release|Any CPU.Build.0 = Release|Any CPU
	EndGlobalSection
	GlobalSection(SolutionProperties) = preSolution
		HideSolutionNode = FALSE
	EndGlobalSection
	GlobalSection(ExtensibilityGlobals) = postSolution
		SolutionGuid = {141A811F-12B4-4A15-9FFA-1A1FF731FB61}
	EndGlobalSection
EndGlobal
